
Microsoft Visual Studio Solution File, Format Version 12.00
# Visual Studio Version 17
VisualStudioVersion = 17.9.34728.123
MinimumVisualStudioVersion = 10.0.40219.1
Project("{9A19103F-16F7-4668-BE54-9A1E7A4F7556}") = "DemoSelenium", "DemoSelenium\DemoSelenium.csproj", "{857A2CBD-4949-42C9-9A22-92B6AC474CAD}"
EndProject
Project("{9A19103F-16F7-4668-BE54-9A1E7A4F7556}") = "WebDriverHelper", "WebDriverHelper\WebDriverHelper.csproj", "{F91CEDC5-BB34-4F40-91AE-0558BC9944C0}"
EndProject
Project("{9A19103F-16F7-4668-BE54-9A1E7A4F7556}") = "TestFrameworkCore", "TestFrameworkCore\TestFrameworkCore.csproj", "{A1EF9D0B-AA13-4497-BBE3-6C70079F0EAB}"
EndProject
Project("{9A19103F-16F7-4668-BE54-9A1E7A4F7556}") = "DemoIFrame", "DemoIFrame\DemoIFrame.csproj", "{DEA0240B-3958-4A90-9D0F-863A8B261F9F}"
EndProject
Project("{FAE04EC0-301F-11D3-BF4B-00C04F79EFBC}") = "APITesting", "APITesting\APITesting.csproj", "{A701A264-BD8E-4B87-AC13-53D4A5FC5021}"
EndProject
Global
	GlobalSection(SolutionConfigurationPlatforms) = preSolution
		Debug|Any CPU = Debug|Any CPU
		Release|Any CPU = Release|Any CPU
	EndGlobalSection
	GlobalSection(ProjectConfigurationPlatforms) = postSolution
		{857A2CBD-4949-42C9-9A22-92B6AC474CAD}.Debug|Any CPU.ActiveCfg = Debug|Any CPU
		{857A2CBD-4949-42C9-9A22-92B6AC474CAD}.Debug|Any CPU.Build.0 = Debug|Any CPU
		{857A2CBD-4949-42C9-9A22-92B6AC474CAD}.Release|Any CPU.ActiveCfg = Release|Any CPU
		{857A2CBD-4949-42C9-9A22-92B6AC474CAD}.Release|Any CPU.Build.0 = Release|Any CPU
		{F91CEDC5-BB34-4F40-91AE-0558BC9944C0}.Debug|Any CPU.ActiveCfg = Debug|Any CPU
		{F91CEDC5-BB34-4F40-91AE-0558BC9944C0}.Debug|Any CPU.Build.0 = Debug|Any CPU
		{F91CEDC5-BB34-4F40-91AE-0558BC9944C0}.Release|Any CPU.ActiveCfg = Release|Any CPU
		{F91CEDC5-BB34-4F40-91AE-0558BC9944C0}.Release|Any CPU.Build.0 = Release|Any CPU
		{A1EF9D0B-AA13-4497-BBE3-6C70079F0EAB}.Debug|Any CPU.ActiveCfg = Debug|Any CPU
		{A1EF9D0B-AA13-4497-BBE3-6C70079F0EAB}.Debug|Any CPU.Build.0 = Debug|Any CPU
		{A1EF9D0B-AA13-4497-BBE3-6C70079F0EAB}.Release|Any CPU.ActiveCfg = Release|Any CPU
		{A1EF9D0B-AA13-4497-BBE3-6C70079F0EAB}.Release|Any CPU.Build.0 = Release|Any CPU
		{DEA0240B-3958-4A90-9D0F-863A8B261F9F}.Debug|Any CPU.ActiveCfg = Debug|Any CPU
		{DEA0240B-3958-4A90-9D0F-863A8B261F9F}.Debug|Any CPU.Build.0 = Debug|Any CPU
		{DEA0240B-3958-4A90-9D0F-863A8B261F9F}.Release|Any CPU.ActiveCfg = Release|Any CPU
		{DEA0240B-3958-4A90-9D0F-863A8B261F9F}.Release|Any CPU.Build.0 = Release|Any CPU
		{A701A264-BD8E-4B87-AC13-53D4A5FC5021}.Debug|Any CPU.ActiveCfg = Debug|Any CPU
		{A701A264-BD8E-4B87-AC13-53D4A5FC5021}.Debug|Any CPU.Build.0 = Debug|Any CPU
		{A701A264-BD8E-4B87-AC13-53D4A5FC5021}.Release|Any CPU.ActiveCfg = Release|Any CPU
		{A701A264-BD8E-4B87-AC13-53D4A5FC5021}.Release|Any CPU.Build.0 = Release|Any CPU
	EndGlobalSection
	GlobalSection(SolutionProperties) = preSolution
		HideSolutionNode = FALSE
	EndGlobalSection
	GlobalSection(ExtensibilityGlobals) = postSolution
		SolutionGuid = {C17D1511-C376-4D78-8E30-39BAA270B120}
	EndGlobalSection
EndGlobal
